{
  "name": "my-node-app",
  "version": "1.0.0",
  "lockfileVersion": 1,
  "dependencies": {
    "express": {
      "version": "4.17.1",
      "resolved": "https://registry.npmjs.org/express/-/express-4.17.1.tgz",
      "integrity": "sha512-mHJ9O79RqluphRrcw2X/GTh5QZ9Jt2be2wQ0UakrwxrXWcCnnKkjZXjqGc8rV2UjYldbzwv8Zcsy1uP8X9UJ+g==",
      "requires": {
        "accepts": "1.3.7",
        "array-flatten": "1.1.1",
        "content-disposition": "0.5.3",
        "content-type": "1.0.4",
        "cookie": "0.4.0",
        "cookie-signature": "1.0.6",
        "debug": "2.6.9",
        "depd": "1.1.2",
        "encodeurl": "1.0.2",
        "escape-html": "1.0.3",
        "etag": "1.8.1",
        "finalhandler": "1.1.2",
        "fresh": "0.5.2",
        "merge-descriptors": "1.0.1",
        "methods": "1.1.2",
        "on-finished": "2.3.0",
        "parseurl": "1.3.3",
       
